
Microsoft Visual Studio Solution File, Format Version 12.00
# Visual Studio Version 17
VisualStudioVersion = 17.8.34511.84
MinimumVisualStudioVersion = 10.0.40219.1
Project("{9A19103F-16F7-4668-BE54-9A1E7A4F7556}") = "Vipmenu", "Vipmenu.csproj", "{09A9EA8D-F34D-4249-BF7A-4D5EDCCB36B3}"
EndProject
Global
	GlobalSection(SolutionConfigurationPlatforms) = preSolution
		Debug|Any CPU = Debug|Any CPU
		Release|Any CPU = Release|Any CPU
	EndGlobalSection
	GlobalSection(ProjectConfigurationPlatforms) = postSolution
		{09A9EA8D-F34D-4249-BF7A-4D5EDCCB36B3}.Debug|Any CPU.ActiveCfg = Debug|Any CPU
		{09A9EA8D-F34D-4249-BF7A-4D5EDCCB36B3}.Debug|Any CPU.Build.0 = Debug|Any CPU
		{09A9EA8D-F34D-4249-BF7A-4D5EDCCB36B3}.Release|Any CPU.ActiveCfg = Release|Any CPU
		{09A9EA8D-F34D-4249-BF7A-4D5EDCCB36B3}.Release|Any CPU.Build.0 = Release|Any CPU
	EndGlobalSection
	GlobalSection(SolutionProperties) = preSolution
		HideSolutionNode = FALSE
	EndGlobalSection
	GlobalSection(ExtensibilityGlobals) = postSolution
		SolutionGuid = {BC101724-C98C-481C-9070-61EB2AC267A7}
	EndGlobalSection
EndGlobal
