
Microsoft Visual Studio Solution File, Format Version 12.00
# Visual Studio Version 17
VisualStudioVersion = 17.8.34511.84
MinimumVisualStudioVersion = 10.0.40219.1
Project("{FAE04EC0-301F-11D3-BF4B-00C04F79EFBC}") = "FunCommands", "FunCommands.csproj", "{8E99C6EE-92A3-479E-BA4A-B81F6C2E39FC}"
EndProject
Global
	GlobalSection(SolutionConfigurationPlatforms) = preSolution
		Debug|Any CPU = Debug|Any CPU
		Release|Any CPU = Release|Any CPU
	EndGlobalSection
	GlobalSection(ProjectConfigurationPlatforms) = postSolution
		{8E99C6EE-92A3-479E-BA4A-B81F6C2E39FC}.Debug|Any CPU.ActiveCfg = Debug|Any CPU
		{8E99C6EE-92A3-479E-BA4A-B81F6C2E39FC}.Debug|Any CPU.Build.0 = Debug|Any CPU
		{8E99C6EE-92A3-479E-BA4A-B81F6C2E39FC}.Release|Any CPU.ActiveCfg = Release|Any CPU
		{8E99C6EE-92A3-479E-BA4A-B81F6C2E39FC}.Release|Any CPU.Build.0 = Release|Any CPU
	EndGlobalSection
	GlobalSection(SolutionProperties) = preSolution
		HideSolutionNode = FALSE
	EndGlobalSection
	GlobalSection(ExtensibilityGlobals) = postSolution
		SolutionGuid = {10F70A21-E7C0-4655-AD27-DF375275E219}
	EndGlobalSection
EndGlobal
