
Microsoft Visual Studio Solution File, Format Version 12.00
# Visual Studio Version 17
VisualStudioVersion = 17.11.35327.3
MinimumVisualStudioVersion = 10.0.40219.1
Project("{FAE04EC0-301F-11D3-BF4B-00C04F79EFBC}") = "K4-System-GunXP", "K4-System-GunXP.csproj", "{87AA9803-3111-4E33-8AF9-7800967655C8}"
EndProject
Global
	GlobalSection(SolutionConfigurationPlatforms) = preSolution
		Debug|Any CPU = Debug|Any CPU
		Release|Any CPU = Release|Any CPU
	EndGlobalSection
	GlobalSection(ProjectConfigurationPlatforms) = postSolution
		{87AA9803-3111-4E33-8AF9-7800967655C8}.Debug|Any CPU.ActiveCfg = Debug|Any CPU
		{87AA9803-3111-4E33-8AF9-7800967655C8}.Debug|Any CPU.Build.0 = Debug|Any CPU
		{87AA9803-3111-4E33-8AF9-7800967655C8}.Release|Any CPU.ActiveCfg = Release|Any CPU
		{87AA9803-3111-4E33-8AF9-7800967655C8}.Release|Any CPU.Build.0 = Release|Any CPU
	EndGlobalSection
	GlobalSection(SolutionProperties) = preSolution
		HideSolutionNode = FALSE
	EndGlobalSection
	GlobalSection(ExtensibilityGlobals) = postSolution
		SolutionGuid = {6E640018-1B0D-462F-B442-45E86DF52B1F}
	EndGlobalSection
EndGlobal
